{
<<<<<<< HEAD
  "name": "expd-cargo-photo-upload",
=======
  "name": "mywechatapp",
>>>>>>> bd0d2947469c036b6a715dea8a5f5138f5f1d8bc
  "version": "1.0.0",
  "lockfileVersion": 1,
  "requires": true,
  "dependencies": {
    "@vant/weapp": {
      "version": "1.6.8",
      "resolved": "https://registry.npmjs.org/@vant/weapp/-/weapp-1.6.8.tgz",
      "integrity": "sha512-CvRgAZdGUtJKEnd2wmjw3oaRYXBq/YqerFTmf19cTd3G9+vRR67nSXPMUNQEoPPSm7LZo6gF6Xk/5pYx4Q4C0Q=="
    }
  }
}
